// !$*UTF8*$!
{
	archiveVersion = 1;
	classes = {
	};
	objectVersion = 77;
	objects = {

/* Begin PBXBuildFile section */
		0058D393E44DEF775DA31C65 /* FleetDeckView.swift in Sources */ = {isa = PBXBuildFile; fileRef = A141DE2D3AA7C43AE670B36A /* FleetDeckView.swift */; };
		015334E9F01E2EC8CE7C6C77 /* DeckStore.swift in Sources */ = {isa = PBXBuildFile; fileRef = 11238FFB50336470B6A97CE0 /* DeckStore.swift */; };
		025FA3204BAD8CD313BA29A7 /* HomeActivityFeed.swift in Sources */ = {isa = PBXBuildFile; fileRef = 6098E179D9E917692848D127 /* HomeActivityFeed.swift */; };
		0B62E8780B2EF68BB75DCB77 /* DeckKit in Frameworks */ = {isa = PBXBuildFile; productRef = 1D4FCB5C53FAA6DC26531C63 /* DeckKit */; };
		0F0698A95BD07D14D89D5BA1 /* HomeRoutinesList.swift in Sources */ = {isa = PBXBuildFile; fileRef = 23261457659049EF7D390F0E /* HomeRoutinesList.swift */; };
		1F06EA84AB51D9E228FBBBCB /* DesktopPreviewScreen.swift in Sources */ = {isa = PBXBuildFile; fileRef = EFD01DA0D87BAD6328C48DE8 /* DesktopPreviewScreen.swift */; };
		2495F9FA74E60FE3935AF9AB /* ContentView.swift in Sources */ = {isa = PBXBuildFile; fileRef = 6008CE13AA2719DE4CFEFBA5 /* ContentView.swift */; };
		29EB1F420B2143258D6BE3E6 /* HomeVoiceOverlay.swift in Sources */ = {isa = PBXBuildFile; fileRef = 6F80BAECD547AFCAF6FB4487 /* HomeVoiceOverlay.swift */; };
		303C0ED6FF5A801009E72EBD /* LaunchScreen.storyboard in Resources */ = {isa = PBXBuildFile; fileRef = E0A62477A93C15EBE3917B2E /* LaunchScreen.storyboard */; };
		31B02262C2B0BF05CE8CFAA8 /* HomeVoicePanel.swift in Sources */ = {isa = PBXBuildFile; fileRef = EE5C0AF5BDF4BE3A05157A33 /* HomeVoicePanel.swift */; };
		33F614CE777865FEFB936F6E /* FleetDeckTheme.swift in Sources */ = {isa = PBXBuildFile; fileRef = 9D4E739253EC58DB13D63E59 /* FleetDeckTheme.swift */; };
		3638B83B044C466CDFC95D74 /* HomeRecentTape.swift in Sources */ = {isa = PBXBuildFile; fileRef = 14C92E6807AE18FFB1268EDA /* HomeRecentTape.swift */; };
		39910639463B85C88940415F /* DeckBridgeClient.swift in Sources */ = {isa = PBXBuildFile; fileRef = B31BBB86BC2F6969B6F8C6AC /* DeckBridgeClient.swift */; };
		3A1671AC9709B03CC97F9D13 /* FleetDeckCommandBay.swift in Sources */ = {isa = PBXBuildFile; fileRef = 3E8338D3E7435105844A04A0 /* FleetDeckCommandBay.swift */; };
		41CC7A2C0996C6F6DB3772B0 /* HomeOverflowGrid.swift in Sources */ = {isa = PBXBuildFile; fileRef = E4AFBCA3400844A37C27E7E3 /* HomeOverflowGrid.swift */; };
		432575F519F865BDCFE18B25 /* FleetDeckCommands.swift in Sources */ = {isa = PBXBuildFile; fileRef = D2DF53527C0D8B29AB3ECF51 /* FleetDeckCommands.swift */; };
		463B785BA54ED05DE516BAC5 /* HomeTargetsRow.swift in Sources */ = {isa = PBXBuildFile; fileRef = 36A4114F8C72CC8E8B22BED3 /* HomeTargetsRow.swift */; };
		466A7968EA0D32CAB12A314F /* FleetDeckFocusPane.swift in Sources */ = {isa = PBXBuildFile; fileRef = EDEBF60950520605C2AFCAB6 /* FleetDeckFocusPane.swift */; };
		477B603FA482CD0AF55BC9C7 /* DeckBridgeSecurityStore.swift in Sources */ = {isa = PBXBuildFile; fileRef = 7D303982A361559374D4ECAF /* DeckBridgeSecurityStore.swift */; };
		4932E64B0E7CF7E4C48DB05E /* LatsDeckScreen.swift in Sources */ = {isa = PBXBuildFile; fileRef = 0AE37E6C4302786080981EE9 /* LatsDeckScreen.swift */; };
		52A7A84BD7038A00D44473CB /* FleetDeckConsole.swift in Sources */ = {isa = PBXBuildFile; fileRef = E8CF4F00C46E366B32EC05B6 /* FleetDeckConsole.swift */; };
		57C2B51D869407F1BC8823C1 /* FleetDeckModel.swift in Sources */ = {isa = PBXBuildFile; fileRef = 402515ACE950AAA6EB8DC125 /* FleetDeckModel.swift */; };
		5D875934B56A9DC50211E1C3 /* HomeDataAdapter.swift in Sources */ = {isa = PBXBuildFile; fileRef = 39EFEF38997FEAEB9C381D62 /* HomeDataAdapter.swift */; };
		638DE62C1A554C5E39F0D430 /* FleetDeckVoiceBar.swift in Sources */ = {isa = PBXBuildFile; fileRef = EFEA84FACFEF2BC028E68125 /* FleetDeckVoiceBar.swift */; };
		6D5C7D4A62CD79AB8E33AEA1 /* HomeZeroState.swift in Sources */ = {isa = PBXBuildFile; fileRef = 0124DA4C4A5337F1FCDE85F0 /* HomeZeroState.swift */; };
		702E0CE9E43B03A228EB124B /* DeckSkeleton.swift in Sources */ = {isa = PBXBuildFile; fileRef = CE3829B428DD890399011344 /* DeckSkeleton.swift */; };
		75E303C90FD9763D830E6DAE /* HomeMockData.swift in Sources */ = {isa = PBXBuildFile; fileRef = E2C0C0DD3A5DE3971145E8B4 /* HomeMockData.swift */; };
		7EDE2F31F72E36E314649728 /* HomeCloudStrip.swift in Sources */ = {isa = PBXBuildFile; fileRef = A9BAE762CC872FFCA8CB25DD /* HomeCloudStrip.swift */; };
		830D5F288DDE1326F8AD0354 /* FleetDeckFeed.swift in Sources */ = {isa = PBXBuildFile; fileRef = ADCE94827305E1EAA62E3E39 /* FleetDeckFeed.swift */; };
		84F9131A8649EB980EC5A378 /* BridgeDiscovery.swift in Sources */ = {isa = PBXBuildFile; fileRef = B4603482511D3BE1F2132C82 /* BridgeDiscovery.swift */; };
		8509FE10337BF9B4286C77DF /* LatticesCompanionApp.swift in Sources */ = {isa = PBXBuildFile; fileRef = 31BAB98213FEF0182FB2EA32 /* LatticesCompanionApp.swift */; };
		8C0507D98FBDCCF4D9E2D2D1 /* HomeSyncSection.swift in Sources */ = {isa = PBXBuildFile; fileRef = BB1F87999BB14714FBFACB9F /* HomeSyncSection.swift */; };
		93CDDD1693747AEA8F93A53D /* FleetDeckHost.swift in Sources */ = {isa = PBXBuildFile; fileRef = F6F62141EE310B1E14C10F6D /* FleetDeckHost.swift */; };
		956F8FD18A151C41F808CF3D /* FleetDeckFixture.swift in Sources */ = {isa = PBXBuildFile; fileRef = 6BCD1E352126CF05657A6F7B /* FleetDeckFixture.swift */; };
		A554A5F6BEE7A1D19133D7E3 /* DeckTheme.swift in Sources */ = {isa = PBXBuildFile; fileRef = 33D07069EDC1FC31F2D17855 /* DeckTheme.swift */; };
		A922FDD1ECB6EC0325799626 /* AddHostController.swift in Sources */ = {isa = PBXBuildFile; fileRef = 98064778419B457BD396A587 /* AddHostController.swift */; };
		C521143339E9016DF721F243 /* HomeView.swift in Sources */ = {isa = PBXBuildFile; fileRef = E418F5CA4F95128A4654679B /* HomeView.swift */; };
		C690A1C61C0A8A0FBE4639FA /* LocalNetworkScanner.swift in Sources */ = {isa = PBXBuildFile; fileRef = F48879BE5FDAA5E9B1F69EB2 /* LocalNetworkScanner.swift */; };
		C7C2501F8E91C0BB8B1E8CE3 /* AddHostSheet.swift in Sources */ = {isa = PBXBuildFile; fileRef = B8DF3079141147D2D920A0D6 /* AddHostSheet.swift */; };
		C82C67DE6E96431518AAD2E5 /* Assets.xcassets in Resources */ = {isa = PBXBuildFile; fileRef = E7FCEDC55B4C20969D3FD0D4 /* Assets.xcassets */; };
		D6EEC01EF1A11293570069EF /* HomeTopBar.swift in Sources */ = {isa = PBXBuildFile; fileRef = 6BAA7488EF7726F4258EABF6 /* HomeTopBar.swift */; };
		DFB63FF98BF7CE3D5A28A37D /* HomeMachineGauges.swift in Sources */ = {isa = PBXBuildFile; fileRef = BCC75F1AC3E0B76173D0E3EA /* HomeMachineGauges.swift */; };
		E28369386027FFF51101E239 /* FleetDeckChannelStrip.swift in Sources */ = {isa = PBXBuildFile; fileRef = 8D6C98FFC4F744672C96DB8C /* FleetDeckChannelStrip.swift */; };
		E49DB476A1AF62CF00A48A94 /* FleetDeckAdapter.swift in Sources */ = {isa = PBXBuildFile; fileRef = B864A7A18AF861B84FA6AF38 /* FleetDeckAdapter.swift */; };
		E7EC416CD4478DCF4FEBB4FC /* CompanionTrackpadSurface.swift in Sources */ = {isa = PBXBuildFile; fileRef = BA2C2E756959812A344E33FA /* CompanionTrackpadSurface.swift */; };
		EC49AAE0FD658F4D651D6CB1 /* LatsDesignSystem.swift in Sources */ = {isa = PBXBuildFile; fileRef = E5BE58AB3627168981D1D91F /* LatsDesignSystem.swift */; };
		F72E10BB85375949AAE483F2 /* HomeScenesGrid.swift in Sources */ = {isa = PBXBuildFile; fileRef = 9EE0F84AD8C6B6C5109C4628 /* HomeScenesGrid.swift */; };
		FF2C00D84ADBC9A2241BA55A /* HomeBottomBar.swift in Sources */ = {isa = PBXBuildFile; fileRef = 239FA0F75F234965764D0C62 /* HomeBottomBar.swift */; };
/* End PBXBuildFile section */

/* Begin PBXFileReference section */
		003766AC268BAEEC8D05E9E8 /* swift */ = {isa = PBXFileReference; lastKnownFileType = folder; name = swift; path = ../../swift; sourceTree = SOURCE_ROOT; };
		0124DA4C4A5337F1FCDE85F0 /* HomeZeroState.swift */ = {isa = PBXFileReference; lastKnownFileType = sourcecode.swift; path = HomeZeroState.swift; sourceTree = "<group>"; };
		0A0454EF94BCB42389D5B90B /* Info.plist */ = {isa = PBXFileReference; lastKnownFileType = text.plist; path = Info.plist; sourceTree = "<group>"; };
		0AE37E6C4302786080981EE9 /* LatsDeckScreen.swift */ = {isa = PBXFileReference; lastKnownFileType = sourcecode.swift; path = LatsDeckScreen.swift; sourceTree = "<group>"; };
		11238FFB50336470B6A97CE0 /* DeckStore.swift */ = {isa = PBXFileReference; lastKnownFileType = sourcecode.swift; path = DeckStore.swift; sourceTree = "<group>"; };
		14C92E6807AE18FFB1268EDA /* HomeRecentTape.swift */ = {isa = PBXFileReference; lastKnownFileType = sourcecode.swift; path = HomeRecentTape.swift; sourceTree = "<group>"; };
		23261457659049EF7D390F0E /* HomeRoutinesList.swift */ = {isa = PBXFileReference; lastKnownFileType = sourcecode.swift; path = HomeRoutinesList.swift; sourceTree = "<group>"; };
		239FA0F75F234965764D0C62 /* HomeBottomBar.swift */ = {isa = PBXFileReference; lastKnownFileType = sourcecode.swift; path = HomeBottomBar.swift; sourceTree = "<group>"; };
		31BAB98213FEF0182FB2EA32 /* LatticesCompanionApp.swift */ = {isa = PBXFileReference; lastKnownFileType = sourcecode.swift; path = LatticesCompanionApp.swift; sourceTree = "<group>"; };
		33D07069EDC1FC31F2D17855 /* DeckTheme.swift */ = {isa = PBXFileReference; lastKnownFileType = sourcecode.swift; path = DeckTheme.swift; sourceTree = "<group>"; };
		36A4114F8C72CC8E8B22BED3 /* HomeTargetsRow.swift */ = {isa = PBXFileReference; lastKnownFileType = sourcecode.swift; path = HomeTargetsRow.swift; sourceTree = "<group>"; };
		39EFEF38997FEAEB9C381D62 /* HomeDataAdapter.swift */ = {isa = PBXFileReference; lastKnownFileType = sourcecode.swift; path = HomeDataAdapter.swift; sourceTree = "<group>"; };
		3E8338D3E7435105844A04A0 /* FleetDeckCommandBay.swift */ = {isa = PBXFileReference; lastKnownFileType = sourcecode.swift; path = FleetDeckCommandBay.swift; sourceTree = "<group>"; };
		402515ACE950AAA6EB8DC125 /* FleetDeckModel.swift */ = {isa = PBXFileReference; lastKnownFileType = sourcecode.swift; path = FleetDeckModel.swift; sourceTree = "<group>"; };
		6008CE13AA2719DE4CFEFBA5 /* ContentView.swift */ = {isa = PBXFileReference; lastKnownFileType = sourcecode.swift; path = ContentView.swift; sourceTree = "<group>"; };
		6098E179D9E917692848D127 /* HomeActivityFeed.swift */ = {isa = PBXFileReference; lastKnownFileType = sourcecode.swift; path = HomeActivityFeed.swift; sourceTree = "<group>"; };
		6BAA7488EF7726F4258EABF6 /* HomeTopBar.swift */ = {isa = PBXFileReference; lastKnownFileType = sourcecode.swift; path = HomeTopBar.swift; sourceTree = "<group>"; };
		6BCD1E352126CF05657A6F7B /* FleetDeckFixture.swift */ = {isa = PBXFileReference; lastKnownFileType = sourcecode.swift; path = FleetDeckFixture.swift; sourceTree = "<group>"; };
		6F80BAECD547AFCAF6FB4487 /* HomeVoiceOverlay.swift */ = {isa = PBXFileReference; lastKnownFileType = sourcecode.swift; path = HomeVoiceOverlay.swift; sourceTree = "<group>"; };
		7D303982A361559374D4ECAF /* DeckBridgeSecurityStore.swift */ = {isa = PBXFileReference; lastKnownFileType = sourcecode.swift; path = DeckBridgeSecurityStore.swift; sourceTree = "<group>"; };
		8D6C98FFC4F744672C96DB8C /* FleetDeckChannelStrip.swift */ = {isa = PBXFileReference; lastKnownFileType = sourcecode.swift; path = FleetDeckChannelStrip.swift; sourceTree = "<group>"; };
		977D8E982F70B14D99DF82FE /* LatticesCompanion.app */ = {isa = PBXFileReference; includeInIndex = 0; lastKnownFileType = wrapper.application; path = LatticesCompanion.app; sourceTree = BUILT_PRODUCTS_DIR; };
		98064778419B457BD396A587 /* AddHostController.swift */ = {isa = PBXFileReference; lastKnownFileType = sourcecode.swift; path = AddHostController.swift; sourceTree = "<group>"; };
		9D4E739253EC58DB13D63E59 /* FleetDeckTheme.swift */ = {isa = PBXFileReference; lastKnownFileType = sourcecode.swift; path = FleetDeckTheme.swift; sourceTree = "<group>"; };
		9EE0F84AD8C6B6C5109C4628 /* HomeScenesGrid.swift */ = {isa = PBXFileReference; lastKnownFileType = sourcecode.swift; path = HomeScenesGrid.swift; sourceTree = "<group>"; };
		A141DE2D3AA7C43AE670B36A /* FleetDeckView.swift */ = {isa = PBXFileReference; lastKnownFileType = sourcecode.swift; path = FleetDeckView.swift; sourceTree = "<group>"; };
		A9BAE762CC872FFCA8CB25DD /* HomeCloudStrip.swift */ = {isa = PBXFileReference; lastKnownFileType = sourcecode.swift; path = HomeCloudStrip.swift; sourceTree = "<group>"; };
		ADCE94827305E1EAA62E3E39 /* FleetDeckFeed.swift */ = {isa = PBXFileReference; lastKnownFileType = sourcecode.swift; path = FleetDeckFeed.swift; sourceTree = "<group>"; };
		B31BBB86BC2F6969B6F8C6AC /* DeckBridgeClient.swift */ = {isa = PBXFileReference; lastKnownFileType = sourcecode.swift; path = DeckBridgeClient.swift; sourceTree = "<group>"; };
		B4603482511D3BE1F2132C82 /* BridgeDiscovery.swift */ = {isa = PBXFileReference; lastKnownFileType = sourcecode.swift; path = BridgeDiscovery.swift; sourceTree = "<group>"; };
		B864A7A18AF861B84FA6AF38 /* FleetDeckAdapter.swift */ = {isa = PBXFileReference; lastKnownFileType = sourcecode.swift; path = FleetDeckAdapter.swift; sourceTree = "<group>"; };
		B8DF3079141147D2D920A0D6 /* AddHostSheet.swift */ = {isa = PBXFileReference; lastKnownFileType = sourcecode.swift; path = AddHostSheet.swift; sourceTree = "<group>"; };
		BA2C2E756959812A344E33FA /* CompanionTrackpadSurface.swift */ = {isa = PBXFileReference; lastKnownFileType = sourcecode.swift; path = CompanionTrackpadSurface.swift; sourceTree = "<group>"; };
		BB1F87999BB14714FBFACB9F /* HomeSyncSection.swift */ = {isa = PBXFileReference; lastKnownFileType = sourcecode.swift; path = HomeSyncSection.swift; sourceTree = "<group>"; };
		BCC75F1AC3E0B76173D0E3EA /* HomeMachineGauges.swift */ = {isa = PBXFileReference; lastKnownFileType = sourcecode.swift; path = HomeMachineGauges.swift; sourceTree = "<group>"; };
		CE3829B428DD890399011344 /* DeckSkeleton.swift */ = {isa = PBXFileReference; lastKnownFileType = sourcecode.swift; path = DeckSkeleton.swift; sourceTree = "<group>"; };
		D2DF53527C0D8B29AB3ECF51 /* FleetDeckCommands.swift */ = {isa = PBXFileReference; lastKnownFileType = sourcecode.swift; path = FleetDeckCommands.swift; sourceTree = "<group>"; };
		E0A62477A93C15EBE3917B2E /* LaunchScreen.storyboard */ = {isa = PBXFileReference; lastKnownFileType = file.storyboard; path = LaunchScreen.storyboard; sourceTree = "<group>"; };
		E2C0C0DD3A5DE3971145E8B4 /* HomeMockData.swift */ = {isa = PBXFileReference; lastKnownFileType = sourcecode.swift; path = HomeMockData.swift; sourceTree = "<group>"; };
		E418F5CA4F95128A4654679B /* HomeView.swift */ = {isa = PBXFileReference; lastKnownFileType = sourcecode.swift; path = HomeView.swift; sourceTree = "<group>"; };
		E4AFBCA3400844A37C27E7E3 /* HomeOverflowGrid.swift */ = {isa = PBXFileReference; lastKnownFileType = sourcecode.swift; path = HomeOverflowGrid.swift; sourceTree = "<group>"; };
		E5BE58AB3627168981D1D91F /* LatsDesignSystem.swift */ = {isa = PBXFileReference; lastKnownFileType = sourcecode.swift; path = LatsDesignSystem.swift; sourceTree = "<group>"; };
		E7FCEDC55B4C20969D3FD0D4 /* Assets.xcassets */ = {isa = PBXFileReference; lastKnownFileType = folder.assetcatalog; path = Assets.xcassets; sourceTree = "<group>"; };
		E8CF4F00C46E366B32EC05B6 /* FleetDeckConsole.swift */ = {isa = PBXFileReference; lastKnownFileType = sourcecode.swift; path = FleetDeckConsole.swift; sourceTree = "<group>"; };
		EDEBF60950520605C2AFCAB6 /* FleetDeckFocusPane.swift */ = {isa = PBXFileReference; lastKnownFileType = sourcecode.swift; path = FleetDeckFocusPane.swift; sourceTree = "<group>"; };
		EE5C0AF5BDF4BE3A05157A33 /* HomeVoicePanel.swift */ = {isa = PBXFileReference; lastKnownFileType = sourcecode.swift; path = HomeVoicePanel.swift; sourceTree = "<group>"; };
		EFD01DA0D87BAD6328C48DE8 /* DesktopPreviewScreen.swift */ = {isa = PBXFileReference; lastKnownFileType = sourcecode.swift; path = DesktopPreviewScreen.swift; sourceTree = "<group>"; };
		EFEA84FACFEF2BC028E68125 /* FleetDeckVoiceBar.swift */ = {isa = PBXFileReference; lastKnownFileType = sourcecode.swift; path = FleetDeckVoiceBar.swift; sourceTree = "<group>"; };
		F48879BE5FDAA5E9B1F69EB2 /* LocalNetworkScanner.swift */ = {isa = PBXFileReference; lastKnownFileType = sourcecode.swift; path = LocalNetworkScanner.swift; sourceTree = "<group>"; };
		F6F62141EE310B1E14C10F6D /* FleetDeckHost.swift */ = {isa = PBXFileReference; lastKnownFileType = sourcecode.swift; path = FleetDeckHost.swift; sourceTree = "<group>"; };
/* End PBXFileReference section */

/* Begin PBXFrameworksBuildPhase section */
		CEBE3E7A38B23D4DFA991B36 /* Frameworks */ = {
			isa = PBXFrameworksBuildPhase;
			buildActionMask = 2147483647;
			files = (
				0B62E8780B2EF68BB75DCB77 /* DeckKit in Frameworks */,
			);
			runOnlyForDeploymentPostprocessing = 0;
		};
/* End PBXFrameworksBuildPhase section */

/* Begin PBXGroup section */
		513162B6C40BBCE8437AF800 /* Home */ = {
			isa = PBXGroup;
			children = (
				98064778419B457BD396A587 /* AddHostController.swift */,
				B8DF3079141147D2D920A0D6 /* AddHostSheet.swift */,
				6098E179D9E917692848D127 /* HomeActivityFeed.swift */,
				239FA0F75F234965764D0C62 /* HomeBottomBar.swift */,
				A9BAE762CC872FFCA8CB25DD /* HomeCloudStrip.swift */,
				39EFEF38997FEAEB9C381D62 /* HomeDataAdapter.swift */,
				BCC75F1AC3E0B76173D0E3EA /* HomeMachineGauges.swift */,
				E2C0C0DD3A5DE3971145E8B4 /* HomeMockData.swift */,
				E4AFBCA3400844A37C27E7E3 /* HomeOverflowGrid.swift */,
				14C92E6807AE18FFB1268EDA /* HomeRecentTape.swift */,
				23261457659049EF7D390F0E /* HomeRoutinesList.swift */,
				9EE0F84AD8C6B6C5109C4628 /* HomeScenesGrid.swift */,
				BB1F87999BB14714FBFACB9F /* HomeSyncSection.swift */,
				36A4114F8C72CC8E8B22BED3 /* HomeTargetsRow.swift */,
				6BAA7488EF7726F4258EABF6 /* HomeTopBar.swift */,
				E418F5CA4F95128A4654679B /* HomeView.swift */,
				6F80BAECD547AFCAF6FB4487 /* HomeVoiceOverlay.swift */,
				EE5C0AF5BDF4BE3A05157A33 /* HomeVoicePanel.swift */,
				0124DA4C4A5337F1FCDE85F0 /* HomeZeroState.swift */,
			);
			path = Home;
			sourceTree = "<group>";
		};
		7222461E8EFB707683CF0F1F = {
			isa = PBXGroup;
			children = (
				E7FCEDC55B4C20969D3FD0D4 /* Assets.xcassets */,
				B343272AB8FA90BB3207C575 /* Packages */,
				F83FF26ABEBD47CFB79371F9 /* Sources */,
				F3908548B1A4941A6C97B64B /* Products */,
			);
			sourceTree = "<group>";
		};
		B343272AB8FA90BB3207C575 /* Packages */ = {
			isa = PBXGroup;
			children = (
				003766AC268BAEEC8D05E9E8 /* swift */,
			);
			name = Packages;
			sourceTree = "<group>";
		};
		DA52BA5893F13E053DBA42E5 /* FleetDeck */ = {
			isa = PBXGroup;
			children = (
				B864A7A18AF861B84FA6AF38 /* FleetDeckAdapter.swift */,
				8D6C98FFC4F744672C96DB8C /* FleetDeckChannelStrip.swift */,
				3E8338D3E7435105844A04A0 /* FleetDeckCommandBay.swift */,
				D2DF53527C0D8B29AB3ECF51 /* FleetDeckCommands.swift */,
				E8CF4F00C46E366B32EC05B6 /* FleetDeckConsole.swift */,
				ADCE94827305E1EAA62E3E39 /* FleetDeckFeed.swift */,
				6BCD1E352126CF05657A6F7B /* FleetDeckFixture.swift */,
				EDEBF60950520605C2AFCAB6 /* FleetDeckFocusPane.swift */,
				F6F62141EE310B1E14C10F6D /* FleetDeckHost.swift */,
				402515ACE950AAA6EB8DC125 /* FleetDeckModel.swift */,
				9D4E739253EC58DB13D63E59 /* FleetDeckTheme.swift */,
				A141DE2D3AA7C43AE670B36A /* FleetDeckView.swift */,
				EFEA84FACFEF2BC028E68125 /* FleetDeckVoiceBar.swift */,
			);
			path = FleetDeck;
			sourceTree = "<group>";
		};
		F3908548B1A4941A6C97B64B /* Products */ = {
			isa = PBXGroup;
			children = (
				977D8E982F70B14D99DF82FE /* LatticesCompanion.app */,
			);
			name = Products;
			sourceTree = "<group>";
		};
		F83FF26ABEBD47CFB79371F9 /* Sources */ = {
			isa = PBXGroup;
			children = (
				B4603482511D3BE1F2132C82 /* BridgeDiscovery.swift */,
				BA2C2E756959812A344E33FA /* CompanionTrackpadSurface.swift */,
				6008CE13AA2719DE4CFEFBA5 /* ContentView.swift */,
				B31BBB86BC2F6969B6F8C6AC /* DeckBridgeClient.swift */,
				7D303982A361559374D4ECAF /* DeckBridgeSecurityStore.swift */,
				CE3829B428DD890399011344 /* DeckSkeleton.swift */,
				11238FFB50336470B6A97CE0 /* DeckStore.swift */,
				33D07069EDC1FC31F2D17855 /* DeckTheme.swift */,
				EFD01DA0D87BAD6328C48DE8 /* DesktopPreviewScreen.swift */,
				0A0454EF94BCB42389D5B90B /* Info.plist */,
				0AE37E6C4302786080981EE9 /* LatsDeckScreen.swift */,
				E5BE58AB3627168981D1D91F /* LatsDesignSystem.swift */,
				31BAB98213FEF0182FB2EA32 /* LatticesCompanionApp.swift */,
				E0A62477A93C15EBE3917B2E /* LaunchScreen.storyboard */,
				F48879BE5FDAA5E9B1F69EB2 /* LocalNetworkScanner.swift */,
				DA52BA5893F13E053DBA42E5 /* FleetDeck */,
				513162B6C40BBCE8437AF800 /* Home */,
			);
			path = Sources;
			sourceTree = "<group>";
		};
/* End PBXGroup section */

/* Begin PBXNativeTarget section */
		C19FFDF279AEA0AB229D2532 /* LatticesCompanion */ = {
			isa = PBXNativeTarget;
			buildConfigurationList = 7B8F371E6C6312B824C2319C /* Build configuration list for PBXNativeTarget "LatticesCompanion" */;
			buildPhases = (
				0CE722E08B918DDB62E95DFC /* Sources */,
				83A8AAE982AD2E46DBDD6E09 /* Resources */,
				CEBE3E7A38B23D4DFA991B36 /* Frameworks */,
			);
			buildRules = (
			);
			dependencies = (
			);
			name = LatticesCompanion;
			packageProductDependencies = (
				1D4FCB5C53FAA6DC26531C63 /* DeckKit */,
			);
			productName = LatticesCompanion;
			productReference = 977D8E982F70B14D99DF82FE /* LatticesCompanion.app */;
			productType = "com.apple.product-type.application";
		};
/* End PBXNativeTarget section */

/* Begin PBXProject section */
		CEA3E4BAA7D33FBD5BA8BE2B /* Project object */ = {
			isa = PBXProject;
			attributes = {
				BuildIndependentTargetsInParallel = YES;
				LastUpgradeCheck = 1430;
				TargetAttributes = {
					C19FFDF279AEA0AB229D2532 = {
						DevelopmentTeam = 2U83JFPW66;
						ProvisioningStyle = Automatic;
					};
				};
			};
			buildConfigurationList = 5A74D3F6041E0DD23E4479FA /* Build configuration list for PBXProject "LatticesCompanion" */;
			developmentRegion = en;
			hasScannedForEncodings = 0;
			knownRegions = (
				Base,
				en,
			);
			mainGroup = 7222461E8EFB707683CF0F1F;
			minimizedProjectReferenceProxies = 1;
			packageReferences = (
				A9A9C52D0A538CA736CDB7B5 /* XCLocalSwiftPackageReference "../../swift" */,
			);
			preferredProjectObjectVersion = 77;
			productRefGroup = F3908548B1A4941A6C97B64B /* Products */;
			projectDirPath = "";
			projectRoot = "";
			targets = (
				C19FFDF279AEA0AB229D2532 /* LatticesCompanion */,
			);
		};
/* End PBXProject section */

/* Begin PBXResourcesBuildPhase section */
		83A8AAE982AD2E46DBDD6E09 /* Resources */ = {
			isa = PBXResourcesBuildPhase;
			buildActionMask = 2147483647;
			files = (
				C82C67DE6E96431518AAD2E5 /* Assets.xcassets in Resources */,
				303C0ED6FF5A801009E72EBD /* LaunchScreen.storyboard in Resources */,
			);
			runOnlyForDeploymentPostprocessing = 0;
		};
/* End PBXResourcesBuildPhase section */

/* Begin PBXSourcesBuildPhase section */
		0CE722E08B918DDB62E95DFC /* Sources */ = {
			isa = PBXSourcesBuildPhase;
			buildActionMask = 2147483647;
			files = (
				A922FDD1ECB6EC0325799626 /* AddHostController.swift in Sources */,
				C7C2501F8E91C0BB8B1E8CE3 /* AddHostSheet.swift in Sources */,
				84F9131A8649EB980EC5A378 /* BridgeDiscovery.swift in Sources */,
				E7EC416CD4478DCF4FEBB4FC /* CompanionTrackpadSurface.swift in Sources */,
				2495F9FA74E60FE3935AF9AB /* ContentView.swift in Sources */,
				39910639463B85C88940415F /* DeckBridgeClient.swift in Sources */,
				477B603FA482CD0AF55BC9C7 /* DeckBridgeSecurityStore.swift in Sources */,
				702E0CE9E43B03A228EB124B /* DeckSkeleton.swift in Sources */,
				015334E9F01E2EC8CE7C6C77 /* DeckStore.swift in Sources */,
				A554A5F6BEE7A1D19133D7E3 /* DeckTheme.swift in Sources */,
				1F06EA84AB51D9E228FBBBCB /* DesktopPreviewScreen.swift in Sources */,
				E49DB476A1AF62CF00A48A94 /* FleetDeckAdapter.swift in Sources */,
				E28369386027FFF51101E239 /* FleetDeckChannelStrip.swift in Sources */,
				3A1671AC9709B03CC97F9D13 /* FleetDeckCommandBay.swift in Sources */,
				432575F519F865BDCFE18B25 /* FleetDeckCommands.swift in Sources */,
				52A7A84BD7038A00D44473CB /* FleetDeckConsole.swift in Sources */,
				830D5F288DDE1326F8AD0354 /* FleetDeckFeed.swift in Sources */,
				956F8FD18A151C41F808CF3D /* FleetDeckFixture.swift in Sources */,
				466A7968EA0D32CAB12A314F /* FleetDeckFocusPane.swift in Sources */,
				93CDDD1693747AEA8F93A53D /* FleetDeckHost.swift in Sources */,
				57C2B51D869407F1BC8823C1 /* FleetDeckModel.swift in Sources */,
				33F614CE777865FEFB936F6E /* FleetDeckTheme.swift in Sources */,
				0058D393E44DEF775DA31C65 /* FleetDeckView.swift in Sources */,
				638DE62C1A554C5E39F0D430 /* FleetDeckVoiceBar.swift in Sources */,
				025FA3204BAD8CD313BA29A7 /* HomeActivityFeed.swift in Sources */,
				FF2C00D84ADBC9A2241BA55A /* HomeBottomBar.swift in Sources */,
				7EDE2F31F72E36E314649728 /* HomeCloudStrip.swift in Sources */,
				5D875934B56A9DC50211E1C3 /* HomeDataAdapter.swift in Sources */,
				DFB63FF98BF7CE3D5A28A37D /* HomeMachineGauges.swift in Sources */,
				75E303C90FD9763D830E6DAE /* HomeMockData.swift in Sources */,
				41CC7A2C0996C6F6DB3772B0 /* HomeOverflowGrid.swift in Sources */,
				3638B83B044C466CDFC95D74 /* HomeRecentTape.swift in Sources */,
				0F0698A95BD07D14D89D5BA1 /* HomeRoutinesList.swift in Sources */,
				F72E10BB85375949AAE483F2 /* HomeScenesGrid.swift in Sources */,
				8C0507D98FBDCCF4D9E2D2D1 /* HomeSyncSection.swift in Sources */,
				463B785BA54ED05DE516BAC5 /* HomeTargetsRow.swift in Sources */,
				D6EEC01EF1A11293570069EF /* HomeTopBar.swift in Sources */,
				C521143339E9016DF721F243 /* HomeView.swift in Sources */,
				29EB1F420B2143258D6BE3E6 /* HomeVoiceOverlay.swift in Sources */,
				31B02262C2B0BF05CE8CFAA8 /* HomeVoicePanel.swift in Sources */,
				6D5C7D4A62CD79AB8E33AEA1 /* HomeZeroState.swift in Sources */,
				4932E64B0E7CF7E4C48DB05E /* LatsDeckScreen.swift in Sources */,
				EC49AAE0FD658F4D651D6CB1 /* LatsDesignSystem.swift in Sources */,
				8509FE10337BF9B4286C77DF /* LatticesCompanionApp.swift in Sources */,
				C690A1C61C0A8A0FBE4639FA /* LocalNetworkScanner.swift in Sources */,
			);
			runOnlyForDeploymentPostprocessing = 0;
		};
/* End PBXSourcesBuildPhase section */

/* Begin XCBuildConfiguration section */
		45F25506216BC79D425A39CF /* Debug */ = {
			isa = XCBuildConfiguration;
			buildSettings = {
				ASSETCATALOG_COMPILER_APPICON_NAME = AppIconV2;
				CODE_SIGN_IDENTITY = "iPhone Developer";
				CURRENT_PROJECT_VERSION = 1;
				GENERATE_INFOPLIST_FILE = NO;
				INFOPLIST_FILE = Sources/Info.plist;
				IPHONEOS_DEPLOYMENT_TARGET = 18.0;
				LD_RUNPATH_SEARCH_PATHS = (
					"$(inherited)",
					"@executable_path/Frameworks",
				);
				MARKETING_VERSION = 0.1.0;
				PRODUCT_BUNDLE_IDENTIFIER = dev.lattices.app.companion.ios;
				SDKROOT = iphoneos;
				SUPPORTS_MACCATALYST = NO;
				SUPPORTS_MAC_DESIGNED_FOR_IPHONE_IPAD = NO;
				TARGETED_DEVICE_FAMILY = "1,2";
			};
			name = Debug;
		};
		69F90BA8CC71BE9DBBE8004A /* Release */ = {
			isa = XCBuildConfiguration;
			buildSettings = {
				ASSETCATALOG_COMPILER_APPICON_NAME = AppIconV2;
				CODE_SIGN_IDENTITY = "iPhone Developer";
				CURRENT_PROJECT_VERSION = 1;
				GENERATE_INFOPLIST_FILE = NO;
				INFOPLIST_FILE = Sources/Info.plist;
				IPHONEOS_DEPLOYMENT_TARGET = 18.0;
				LD_RUNPATH_SEARCH_PATHS = (
					"$(inherited)",
					"@executable_path/Frameworks",
				);
				MARKETING_VERSION = 0.1.0;
				PRODUCT_BUNDLE_IDENTIFIER = dev.lattices.app.companion.ios;
				SDKROOT = iphoneos;
				SUPPORTS_MACCATALYST = NO;
				SUPPORTS_MAC_DESIGNED_FOR_IPHONE_IPAD = NO;
				TARGETED_DEVICE_FAMILY = "1,2";
			};
			name = Release;
		};
		CC945CD0D5FF0C8CB9F0EC91 /* Debug */ = {
			isa = XCBuildConfiguration;
			buildSettings = {
				ALWAYS_SEARCH_USER_PATHS = NO;
				CLANG_ANALYZER_NONNULL = YES;
				CLANG_ANALYZER_NUMBER_OBJECT_CONVERSION = YES_AGGRESSIVE;
				CLANG_CXX_LANGUAGE_STANDARD = "gnu++14";
				CLANG_CXX_LIBRARY = "libc++";
				CLANG_ENABLE_MODULES = YES;
				CLANG_ENABLE_OBJC_ARC = YES;
				CLANG_ENABLE_OBJC_WEAK = YES;
				CLANG_WARN_BLOCK_CAPTURE_AUTORELEASING = YES;
				CLANG_WARN_BOOL_CONVERSION = YES;
				CLANG_WARN_COMMA = YES;
				CLANG_WARN_CONSTANT_CONVERSION = YES;
				CLANG_WARN_DEPRECATED_OBJC_IMPLEMENTATIONS = YES;
				CLANG_WARN_DIRECT_OBJC_ISA_USAGE = YES_ERROR;
				CLANG_WARN_DOCUMENTATION_COMMENTS = YES;
				CLANG_WARN_EMPTY_BODY = YES;
				CLANG_WARN_ENUM_CONVERSION = YES;
				CLANG_WARN_INFINITE_RECURSION = YES;
				CLANG_WARN_INT_CONVERSION = YES;
				CLANG_WARN_NON_LITERAL_NULL_CONVERSION = YES;
				CLANG_WARN_OBJC_IMPLICIT_RETAIN_SELF = YES;
				CLANG_WARN_OBJC_LITERAL_CONVERSION = YES;
				CLANG_WARN_OBJC_ROOT_CLASS = YES_ERROR;
				CLANG_WARN_QUOTED_INCLUDE_IN_FRAMEWORK_HEADER = YES;
				CLANG_WARN_RANGE_LOOP_ANALYSIS = YES;
				CLANG_WARN_STRICT_PROTOTYPES = YES;
				CLANG_WARN_SUSPICIOUS_MOVE = YES;
				CLANG_WARN_UNGUARDED_AVAILABILITY = YES_AGGRESSIVE;
				CLANG_WARN_UNREACHABLE_CODE = YES;
				CLANG_WARN__DUPLICATE_METHOD_MATCH = YES;
				CODE_SIGN_IDENTITY = "Apple Development";
				CODE_SIGN_STYLE = Automatic;
				COPY_PHASE_STRIP = NO;
				DEBUG_INFORMATION_FORMAT = dwarf;
				DEVELOPMENT_TEAM = 2U83JFPW66;
				ENABLE_STRICT_OBJC_MSGSEND = YES;
				ENABLE_TESTABILITY = YES;
				GCC_C_LANGUAGE_STANDARD = gnu11;
				GCC_DYNAMIC_NO_PIC = NO;
				GCC_NO_COMMON_BLOCKS = YES;
				GCC_OPTIMIZATION_LEVEL = 0;
				GCC_PREPROCESSOR_DEFINITIONS = (
					"$(inherited)",
					"DEBUG=1",
				);
				GCC_WARN_64_TO_32_BIT_CONVERSION = YES;
				GCC_WARN_ABOUT_RETURN_TYPE = YES_ERROR;
				GCC_WARN_UNDECLARED_SELECTOR = YES;
				GCC_WARN_UNINITIALIZED_AUTOS = YES_AGGRESSIVE;
				GCC_WARN_UNUSED_FUNCTION = YES;
				GCC_WARN_UNUSED_VARIABLE = YES;
				IPHONEOS_DEPLOYMENT_TARGET = 18.0;
				MTL_ENABLE_DEBUG_INFO = INCLUDE_SOURCE;
				MTL_FAST_MATH = YES;
				ONLY_ACTIVE_ARCH = YES;
				PRODUCT_NAME = "$(TARGET_NAME)";
				SDKROOT = iphoneos;
				SWIFT_ACTIVE_COMPILATION_CONDITIONS = DEBUG;
				SWIFT_OPTIMIZATION_LEVEL = "-Onone";
				SWIFT_VERSION = 5.0;
				TARGETED_DEVICE_FAMILY = "1,2";
			};
			name = Debug;
		};
		DDE7241DB93DDFA2FE0ECB6C /* Release */ = {
			isa = XCBuildConfiguration;
			buildSettings = {
				ALWAYS_SEARCH_USER_PATHS = NO;
				CLANG_ANALYZER_NONNULL = YES;
				CLANG_ANALYZER_NUMBER_OBJECT_CONVERSION = YES_AGGRESSIVE;
				CLANG_CXX_LANGUAGE_STANDARD = "gnu++14";
				CLANG_CXX_LIBRARY = "libc++";
				CLANG_ENABLE_MODULES = YES;
				CLANG_ENABLE_OBJC_ARC = YES;
				CLANG_ENABLE_OBJC_WEAK = YES;
				CLANG_WARN_BLOCK_CAPTURE_AUTORELEASING = YES;
				CLANG_WARN_BOOL_CONVERSION = YES;
				CLANG_WARN_COMMA = YES;
				CLANG_WARN_CONSTANT_CONVERSION = YES;
				CLANG_WARN_DEPRECATED_OBJC_IMPLEMENTATIONS = YES;
				CLANG_WARN_DIRECT_OBJC_ISA_USAGE = YES_ERROR;
				CLANG_WARN_DOCUMENTATION_COMMENTS = YES;
				CLANG_WARN_EMPTY_BODY = YES;
				CLANG_WARN_ENUM_CONVERSION = YES;
				CLANG_WARN_INFINITE_RECURSION = YES;
				CLANG_WARN_INT_CONVERSION = YES;
				CLANG_WARN_NON_LITERAL_NULL_CONVERSION = YES;
				CLANG_WARN_OBJC_IMPLICIT_RETAIN_SELF = YES;
				CLANG_WARN_OBJC_LITERAL_CONVERSION = YES;
				CLANG_WARN_OBJC_ROOT_CLASS = YES_ERROR;
				CLANG_WARN_QUOTED_INCLUDE_IN_FRAMEWORK_HEADER = YES;
				CLANG_WARN_RANGE_LOOP_ANALYSIS = YES;
				CLANG_WARN_STRICT_PROTOTYPES = YES;
				CLANG_WARN_SUSPICIOUS_MOVE = YES;
				CLANG_WARN_UNGUARDED_AVAILABILITY = YES_AGGRESSIVE;
				CLANG_WARN_UNREACHABLE_CODE = YES;
				CLANG_WARN__DUPLICATE_METHOD_MATCH = YES;
				CODE_SIGN_IDENTITY = "Apple Development";
				CODE_SIGN_STYLE = Automatic;
				COPY_PHASE_STRIP = NO;
				DEBUG_INFORMATION_FORMAT = "dwarf-with-dsym";
				DEVELOPMENT_TEAM = 2U83JFPW66;
				ENABLE_NS_ASSERTIONS = NO;
				ENABLE_STRICT_OBJC_MSGSEND = YES;
				GCC_C_LANGUAGE_STANDARD = gnu11;
				GCC_NO_COMMON_BLOCKS = YES;
				GCC_WARN_64_TO_32_BIT_CONVERSION = YES;
				GCC_WARN_ABOUT_RETURN_TYPE = YES_ERROR;
				GCC_WARN_UNDECLARED_SELECTOR = YES;
				GCC_WARN_UNINITIALIZED_AUTOS = YES_AGGRESSIVE;
				GCC_WARN_UNUSED_FUNCTION = YES;
				GCC_WARN_UNUSED_VARIABLE = YES;
				IPHONEOS_DEPLOYMENT_TARGET = 18.0;
				MTL_ENABLE_DEBUG_INFO = NO;
				MTL_FAST_MATH = YES;
				PRODUCT_NAME = "$(TARGET_NAME)";
				SDKROOT = iphoneos;
				SWIFT_COMPILATION_MODE = wholemodule;
				SWIFT_OPTIMIZATION_LEVEL = "-O";
				SWIFT_VERSION = 5.0;
				TARGETED_DEVICE_FAMILY = "1,2";
			};
			name = Release;
		};
/* End XCBuildConfiguration section */

/* Begin XCConfigurationList section */
		5A74D3F6041E0DD23E4479FA /* Build configuration list for PBXProject "LatticesCompanion" */ = {
			isa = XCConfigurationList;
			buildConfigurations = (
				CC945CD0D5FF0C8CB9F0EC91 /* Debug */,
				DDE7241DB93DDFA2FE0ECB6C /* Release */,
			);
			defaultConfigurationIsVisible = 0;
			defaultConfigurationName = Debug;
		};
		7B8F371E6C6312B824C2319C /* Build configuration list for PBXNativeTarget "LatticesCompanion" */ = {
			isa = XCConfigurationList;
			buildConfigurations = (
				45F25506216BC79D425A39CF /* Debug */,
				69F90BA8CC71BE9DBBE8004A /* Release */,
			);
			defaultConfigurationIsVisible = 0;
			defaultConfigurationName = Debug;
		};
/* End XCConfigurationList section */

/* Begin XCLocalSwiftPackageReference section */
		A9A9C52D0A538CA736CDB7B5 /* XCLocalSwiftPackageReference "../../swift" */ = {
			isa = XCLocalSwiftPackageReference;
			relativePath = ../../swift;
		};
/* End XCLocalSwiftPackageReference section */

/* Begin XCSwiftPackageProductDependency section */
		1D4FCB5C53FAA6DC26531C63 /* DeckKit */ = {
			isa = XCSwiftPackageProductDependency;
			productName = DeckKit;
		};
/* End XCSwiftPackageProductDependency section */
	};
	rootObject = CEA3E4BAA7D33FBD5BA8BE2B /* Project object */;
}
